{
  "name": "lab1",
  "version": "1.0.0",
  "lockfileVersion": 2,
  "requires": true,
  "packages": {
    "": {
      "name": "lab1",
      "version": "1.0.0",
      "license": "ISC",
      "dependencies": {
        "mtrx": "^0.1.6"
      }
    },
    "node_modules/mtrx": {
      "version": "0.1.6",
      "resolved": "https://registry.npmjs.org/mtrx/-/mtrx-0.1.6.tgz",
      "integrity": "sha512-BxOQ7FjyelQk2XNJQwaM26m5R7hmj1JTETCoAtGxNcsZl1RDsnSFwwbZLzis0KLKo0Y7oFi6NU80H3AbiVxdIA=="
    }
  },
  "dependencies": {
    "mtrx": {
      "version": "0.1.6",
      "resolved": "https://registry.npmjs.org/mtrx/-/mtrx-0.1.6.tgz",
      "integrity": "sha512-BxOQ7FjyelQk2XNJQwaM26m5R7hmj1JTETCoAtGxNcsZl1RDsnSFwwbZLzis0KLKo0Y7oFi6NU80H3AbiVxdIA=="
    }
  }
}
